{
  "name": "all-american-gutters-florida",
  "lockfileVersion": 3,
  "requires": true,
  "packages": {
    "": {
      "name": "all-american-gutters-florida",
      "devDependencies": {
        "husky": "^9.1.7"
      }
    },
    "astro-site": {
      "version": "0.0.1",
      "extraneous": true,
      "dependencies": {
        "@astrojs/sitemap": "^3.7.1",
        "@sanity/client": "^7.20.0",
        "@vercel/analytics": "^2.0.1",
        "@vercel/speed-insights": "^2.0.0",
        "astro": "^6.0.8",
        "sanitize-html": "^2.17.2"
      },
      "engines": {
        "node": "22.x"
      }
    },
    "node_modules/husky": {
      "version": "9.1.7",
      "resolved": "https://registry.npmjs.org/husky/-/husky-9.1.7.tgz",
      "integrity": "sha512-5gs5ytaNjBrh5Ow3zrvdUUY+0VxIuWVL4i9irt6friV+BqdCfmV11CQTWMiBYWHbXhco+J1kHfTOUkePhCDvMA==",
      "dev": true,
      "license": "MIT",
      "bin": {
        "husky": "bin.js"
      },
      "engines": {
        "node": ">=18"
      },
      "funding": {
        "url": "https://github.com/sponsors/typicode"
      }
    }
  }
}
